
Microsoft Visual Studio Solution File, Format Version 12.00
# Visual Studio Version 16
VisualStudioVersion = 16.0.29215.179
MinimumVisualStudioVersion = 10.0.40219.1
Project("{FAE04EC0-301F-11D3-BF4B-00C04F79EFBC}") = "JobTest002", "JobTest002\JobTest002.csproj", "{ED5B1FB1-3C60-4427-B84E-26E3DB141B40}"
EndProject
Project("{FAE04EC0-301F-11D3-BF4B-00C04F79EFBC}") = "ZTPlanningTasksWebApi", "ZTPlanningTasksWebApi\ZTPlanningTasksWebApi.csproj", "{D43C7689-1D54-45CE-B4E0-832C7D71EBBF}"
EndProject
Project("{FAE04EC0-301F-11D3-BF4B-00C04F79EFBC}") = "ZTPlanningTasksConsole", "ZTPlanningTasksConsole\ZTPlanningTasksConsole.csproj", "{91F31344-A4C7-4D0F-99FC-643E44DEEBF7}"
EndProject
Project("{FAE04EC0-301F-11D3-BF4B-00C04F79EFBC}") = "ZTPlanningTasksCore", "ZTPlanningTasksCore\ZTPlanningTasksCore.csproj", "{36634B7B-9C0A-4D7B-A379-8F86C4A9F88F}"
EndProject
Project("{FAE04EC0-301F-11D3-BF4B-00C04F79EFBC}") = "JobTest001", "JobTest001\JobTest001.csproj", "{C4C76D4F-9E36-40CD-89A1-9AA8C3C3A483}"
EndProject
Project("{FAE04EC0-301F-11D3-BF4B-00C04F79EFBC}") = "ZTPlanningTasksBase", "ZTPlanningTasksBase\ZTPlanningTasksBase.csproj", "{18A5629F-AAEE-43F1-9DBA-71A9C4A61AA9}"
EndProject
Global
	GlobalSection(SolutionConfigurationPlatforms) = preSolution
		Debug|Any CPU = Debug|Any CPU
		Release|Any CPU = Release|Any CPU
	EndGlobalSection
	GlobalSection(ProjectConfigurationPlatforms) = postSolution
		{ED5B1FB1-3C60-4427-B84E-26E3DB141B40}.Debug|Any CPU.ActiveCfg = Debug|Any CPU
		{ED5B1FB1-3C60-4427-B84E-26E3DB141B40}.Debug|Any CPU.Build.0 = Debug|Any CPU
		{ED5B1FB1-3C60-4427-B84E-26E3DB141B40}.Release|Any CPU.ActiveCfg = Release|Any CPU
		{ED5B1FB1-3C60-4427-B84E-26E3DB141B40}.Release|Any CPU.Build.0 = Release|Any CPU
		{D43C7689-1D54-45CE-B4E0-832C7D71EBBF}.Debug|Any CPU.ActiveCfg = Debug|Any CPU
		{D43C7689-1D54-45CE-B4E0-832C7D71EBBF}.Debug|Any CPU.Build.0 = Debug|Any CPU
		{D43C7689-1D54-45CE-B4E0-832C7D71EBBF}.Release|Any CPU.ActiveCfg = Release|Any CPU
		{D43C7689-1D54-45CE-B4E0-832C7D71EBBF}.Release|Any CPU.Build.0 = Release|Any CPU
		{91F31344-A4C7-4D0F-99FC-643E44DEEBF7}.Debug|Any CPU.ActiveCfg = Debug|Any CPU
		{91F31344-A4C7-4D0F-99FC-643E44DEEBF7}.Debug|Any CPU.Build.0 = Debug|Any CPU
		{91F31344-A4C7-4D0F-99FC-643E44DEEBF7}.Release|Any CPU.ActiveCfg = Release|Any CPU
		{91F31344-A4C7-4D0F-99FC-643E44DEEBF7}.Release|Any CPU.Build.0 = Release|Any CPU
		{36634B7B-9C0A-4D7B-A379-8F86C4A9F88F}.Debug|Any CPU.ActiveCfg = Debug|Any CPU
		{36634B7B-9C0A-4D7B-A379-8F86C4A9F88F}.Debug|Any CPU.Build.0 = Debug|Any CPU
		{36634B7B-9C0A-4D7B-A379-8F86C4A9F88F}.Release|Any CPU.ActiveCfg = Release|Any CPU
		{36634B7B-9C0A-4D7B-A379-8F86C4A9F88F}.Release|Any CPU.Build.0 = Release|Any CPU
		{C4C76D4F-9E36-40CD-89A1-9AA8C3C3A483}.Debug|Any CPU.ActiveCfg = Debug|Any CPU
		{C4C76D4F-9E36-40CD-89A1-9AA8C3C3A483}.Debug|Any CPU.Build.0 = Debug|Any CPU
		{C4C76D4F-9E36-40CD-89A1-9AA8C3C3A483}.Release|Any CPU.ActiveCfg = Release|Any CPU
		{C4C76D4F-9E36-40CD-89A1-9AA8C3C3A483}.Release|Any CPU.Build.0 = Release|Any CPU
		{18A5629F-AAEE-43F1-9DBA-71A9C4A61AA9}.Debug|Any CPU.ActiveCfg = Debug|Any CPU
		{18A5629F-AAEE-43F1-9DBA-71A9C4A61AA9}.Debug|Any CPU.Build.0 = Debug|Any CPU
		{18A5629F-AAEE-43F1-9DBA-71A9C4A61AA9}.Release|Any CPU.ActiveCfg = Release|Any CPU
		{18A5629F-AAEE-43F1-9DBA-71A9C4A61AA9}.Release|Any CPU.Build.0 = Release|Any CPU
	EndGlobalSection
	GlobalSection(SolutionProperties) = preSolution
		HideSolutionNode = FALSE
	EndGlobalSection
	GlobalSection(ExtensibilityGlobals) = postSolution
		SolutionGuid = {CD0F2B95-C929-44CF-90EB-081923135947}
	EndGlobalSection
EndGlobal
